
Microsoft Visual Studio Solution File, Format Version 12.00
# Visual Studio Version 17
VisualStudioVersion = 17.9.34616.47
MinimumVisualStudioVersion = 10.0.40219.1
Project("{FAE04EC0-301F-11D3-BF4B-00C04F79EFBC}") = "TPMOD4", "TPMOD4.csproj", "{83735930-B45F-425C-AD83-65AF30F21653}"
EndProject
Global
	GlobalSection(SolutionConfigurationPlatforms) = preSolution
		Debug|Any CPU = Debug|Any CPU
		Release|Any CPU = Release|Any CPU
	EndGlobalSection
	GlobalSection(ProjectConfigurationPlatforms) = postSolution
		{83735930-B45F-425C-AD83-65AF30F21653}.Debug|Any CPU.ActiveCfg = Debug|Any CPU
		{83735930-B45F-425C-AD83-65AF30F21653}.Debug|Any CPU.Build.0 = Debug|Any CPU
		{83735930-B45F-425C-AD83-65AF30F21653}.Release|Any CPU.ActiveCfg = Release|Any CPU
		{83735930-B45F-425C-AD83-65AF30F21653}.Release|Any CPU.Build.0 = Release|Any CPU
	EndGlobalSection
	GlobalSection(SolutionProperties) = preSolution
		HideSolutionNode = FALSE
	EndGlobalSection
	GlobalSection(ExtensibilityGlobals) = postSolution
		SolutionGuid = {A736820D-24FE-43E2-9835-2215926D0001}
	EndGlobalSection
EndGlobal
